// !$*UTF8*$!
{
	archiveVersion = 1;
	classes = {
	};
	objectVersion = 50;
	objects = {

/* Begin PBXBuildFile section */
		A44B047E228B025000E28AA6 /* AppDelegate.swift in Sources */ = {isa = PBXBuildFile; fileRef = A44B047D228B025000E28AA6 /* AppDelegate.swift */; };
		A44B0480228B025000E28AA6 /* ViewController.swift in Sources */ = {isa = PBXBuildFile; fileRef = A44B047F228B025000E28AA6 /* ViewController.swift */; };
		A44B0483228B025000E28AA6 /* Main.storyboard in Resources */ = {isa = PBXBuildFile; fileRef = A44B0481228B025000E28AA6 /* Main.storyboard */; };
		A44B0485228B025200E28AA6 /* Assets.xcassets in Resources */ = {isa = PBXBuildFile; fileRef = A44B0484228B025200E28AA6 /* Assets.xcassets */; };
		A44B0488228B025200E28AA6 /* LaunchScreen.storyboard in Resources */ = {isa = PBXBuildFile; fileRef = A44B0486228B025200E28AA6 /* LaunchScreen.storyboard */; };
		A44B0493228B025200E28AA6 /* ConcentrationTests.swift in Sources */ = {isa = PBXBuildFile; fileRef = A44B0492228B025200E28AA6 /* ConcentrationTests.swift */; };
		A44B049E228B025200E28AA6 /* ConcentrationUITests.swift in Sources */ = {isa = PBXBuildFile; fileRef = A44B049D228B025200E28AA6 /* ConcentrationUITests.swift */; };
		A44B04AC228B4CE000E28AA6 /* Concentration.swift in Sources */ = {isa = PBXBuildFile; fileRef = A44B04AB228B4CE000E28AA6 /* Concentration.swift */; };
		A44B04AE228B4E1900E28AA6 /* Card.swift in Sources */ = {isa = PBXBuildFile; fileRef = A44B04AD228B4E1900E28AA6 /* Card.swift */; };
/* End PBXBuildFile section */

/* Begin PBXContainerItemProxy section */
		A44B048F228B025200E28AA6 /* PBXContainerItemProxy */ = {
			isa = PBXContainerItemProxy;
			containerPortal = A44B0472228B025000E28AA6 /* Project object */;
			proxyType = 1;
			remoteGlobalIDString = A44B0479228B025000E28AA6;
			remoteInfo = Concentration;
		};
		A44B049A228B025200E28AA6 /* PBXContainerItemProxy */ = {
			isa = PBXContainerItemProxy;
			containerPortal = A44B0472228B025000E28AA6 /* Project object */;
			proxyType = 1;
			remoteGlobalIDString = A44B0479228B025000E28AA6;
			remoteInfo = Concentration;
		};
/* End PBXContainerItemProxy section */

/* Begin PBXFileReference section */
		A44B047A228B025000E28AA6 /* Concentration.app */ = {isa = PBXFileReference; explicitFileType = wrapper.application; includeInIndex = 0; path = Concentration.app; sourceTree = BUILT_PRODUCTS_DIR; };
		A44B047D228B025000E28AA6 /* AppDelegate.swift */ = {isa = PBXFileReference; lastKnownFileType = sourcecode.swift; path = AppDelegate.swift; sourceTree = "<group>"; };
		A44B047F228B025000E28AA6 /* ViewController.swift */ = {isa = PBXFileReference; lastKnownFileType = sourcecode.swift; path = ViewController.swift; sourceTree = "<group>"; };
		A44B0482228B025000E28AA6 /* Base */ = {isa = PBXFileReference; lastKnownFileType = file.storyboard; name = Base; path = Base.lproj/Main.storyboard; sourceTree = "<group>"; };
		A44B0484228B025200E28AA6 /* Assets.xcassets */ = {isa = PBXFileReference; lastKnownFileType = folder.assetcatalog; path = Assets.xcassets; sourceTree = "<group>"; };
		A44B0487228B025200E28AA6 /* Base */ = {isa = PBXFileReference; lastKnownFileType = file.storyboard; name = Base; path = Base.lproj/LaunchScreen.storyboard; sourceTree = "<group>"; };
		A44B0489228B025200E28AA6 /* Info.plist */ = {isa = PBXFileReference; lastKnownFileType = text.plist.xml; path = Info.plist; sourceTree = "<group>"; };
		A44B048E228B025200E28AA6 /* ConcentrationTests.xctest */ = {isa = PBXFileReference; explicitFileType = wrapper.cfbundle; includeInIndex = 0; path = ConcentrationTests.xctest; sourceTree = BUILT_PRODUCTS_DIR; };
		A44B0492228B025200E28AA6 /* ConcentrationTests.swift */ = {isa = PBXFileReference; lastKnownFileType = sourcecode.swift; path = ConcentrationTests.swift; sourceTree = "<group>"; };
		A44B0494228B025200E28AA6 /* Info.plist */ = {isa = PBXFileReference; lastKnownFileType = text.plist.xml; path = Info.plist; sourceTree = "<group>"; };
		A44B0499228B025200E28AA6 /* ConcentrationUITests.xctest */ = {isa = PBXFileReference; explicitFileType = wrapper.cfbundle; includeInIndex = 0; path = ConcentrationUITests.xctest; sourceTree = BUILT_PRODUCTS_DIR; };
		A44B049D228B025200E28AA6 /* ConcentrationUITests.swift */ = {isa = PBXFileReference; lastKnownFileType = sourcecode.swift; path = ConcentrationUITests.swift; sourceTree = "<group>"; };
		A44B049F228B025200E28AA6 /* Info.plist */ = {isa = PBXFileReference; lastKnownFileType = text.plist.xml; path = Info.plist; sourceTree = "<group>"; };
		A44B04AB228B4CE000E28AA6 /* Concentration.swift */ = {isa = PBXFileReference; lastKnownFileType = sourcecode.swift; path = Concentration.swift; sourceTree = "<group>"; };
		A44B04AD228B4E1900E28AA6 /* Card.swift */ = {isa = PBXFileReference; lastKnownFileType = sourcecode.swift; path = Card.swift; sourceTree = "<group>"; };
/* End PBXFileReference section */

/* Begin PBXFrameworksBuildPhase section */
		A44B0477228B025000E28AA6 /* Frameworks */ = {
			isa = PBXFrameworksBuildPhase;
			buildActionMask = 2147483647;
			files = (
			);
			runOnlyForDeploymentPostprocessing = 0;
		};
		A44B048B228B025200E28AA6 /* Frameworks */ = {
			isa = PBXFrameworksBuildPhase;
			buildActionMask = 2147483647;
			files = (
			);
			runOnlyForDeploymentPostprocessing = 0;
		};
		A44B0496228B025200E28AA6 /* Frameworks */ = {
			isa = PBXFrameworksBuildPhase;
			buildActionMask = 2147483647;
			files = (
			);
			runOnlyForDeploymentPostprocessing = 0;
		};
/* End PBXFrameworksBuildPhase section */

/* Begin PBXGroup section */
		A44B0471228B025000E28AA6 = {
			isa = PBXGroup;
			children = (
				A44B047C228B025000E28AA6 /* Concentration */,
				A44B0491228B025200E28AA6 /* ConcentrationTests */,
				A44B049C228B025200E28AA6 /* ConcentrationUITests */,
				A44B047B228B025000E28AA6 /* Products */,
			);
			sourceTree = "<group>";
		};
		A44B047B228B025000E28AA6 /* Products */ = {
			isa = PBXGroup;
			children = (
				A44B047A228B025000E28AA6 /* Concentration.app */,
				A44B048E228B025200E28AA6 /* ConcentrationTests.xctest */,
				A44B0499228B025200E28AA6 /* ConcentrationUITests.xctest */,
			);
			name = Products;
			sourceTree = "<group>";
		};
		A44B047C228B025000E28AA6 /* Concentration */ = {
			isa = PBXGroup;
			children = (
				A44B047D228B025000E28AA6 /* AppDelegate.swift */,
				A44B047F228B025000E28AA6 /* ViewController.swift */,
				A44B0481228B025000E28AA6 /* Main.storyboard */,
				A44B04AB228B4CE000E28AA6 /* Concentration.swift */,
				A44B04AD228B4E1900E28AA6 /* Card.swift */,
				A44B0484228B025200E28AA6 /* Assets.xcassets */,
				A44B0486228B025200E28AA6 /* LaunchScreen.storyboard */,
				A44B0489228B025200E28AA6 /* Info.plist */,
			);
			path = Concentration;
			sourceTree = "<group>";
		};
		A44B0491228B025200E28AA6 /* ConcentrationTests */ = {
			isa = PBXGroup;
			children = (
				A44B0492228B025200E28AA6 /* ConcentrationTests.swift */,
				A44B0494228B025200E28AA6 /* Info.plist */,
			);
			path = ConcentrationTests;
			sourceTree = "<group>";
		};
		A44B049C228B025200E28AA6 /* ConcentrationUITests */ = {
			isa = PBXGroup;
			children = (
				A44B049D228B025200E28AA6 /* ConcentrationUITests.swift */,
				A44B049F228B025200E28AA6 /* Info.plist */,
			);
			path = ConcentrationUITests;
			sourceTree = "<group>";
		};
/* End PBXGroup section */

/* Begin PBXNativeTarget section */
		A44B0479228B025000E28AA6 /* Concentration */ = {
			isa = PBXNativeTarget;
			buildConfigurationList = A44B04A2228B025200E28AA6 /* Build configuration list for PBXNativeTarget "Concentration" */;
			buildPhases = (
				A44B0476228B025000E28AA6 /* Sources */,
				A44B0477228B025000E28AA6 /* Frameworks */,
				A44B0478228B025000E28AA6 /* Resources */,
			);
			buildRules = (
			);
			dependencies = (
			);
			name = Concentration;
			productName = Concentration;
			productReference = A44B047A228B025000E28AA6 /* Concentration.app */;
			productType = "com.apple.product-type.application";
		};
		A44B048D228B025200E28AA6 /* ConcentrationTests */ = {
			isa = PBXNativeTarget;
			buildConfigurationList = A44B04A5228B025200E28AA6 /* Build configuration list for PBXNativeTarget "ConcentrationTests" */;
			buildPhases = (
				A44B048A228B025200E28AA6 /* Sources */,
				A44B048B228B025200E28AA6 /* Frameworks */,
				A44B048C228B025200E28AA6 /* Resources */,
			);
			buildRules = (
			);
			dependencies = (
				A44B0490228B025200E28AA6 /* PBXTargetDependency */,
			);
			name = ConcentrationTests;
			productName = ConcentrationTests;
			productReference = A44B048E228B025200E28AA6 /* ConcentrationTests.xctest */;
			productType = "com.apple.product-type.bundle.unit-test";
		};
		A44B0498228B025200E28AA6 /* ConcentrationUITests */ = {
			isa = PBXNativeTarget;
			buildConfigurationList = A44B04A8228B025200E28AA6 /* Build configuration list for PBXNativeTarget "ConcentrationUITests" */;
			buildPhases = (
				A44B0495228B025200E28AA6 /* Sources */,
				A44B0496228B025200E28AA6 /* Frameworks */,
				A44B0497228B025200E28AA6 /* Resources */,
			);
			buildRules = (
			);
			dependencies = (
				A44B049B228B025200E28AA6 /* PBXTargetDependency */,
			);
			name = ConcentrationUITests;
			productName = ConcentrationUITests;
			productReference = A44B0499228B025200E28AA6 /* ConcentrationUITests.xctest */;
			productType = "com.apple.product-type.bundle.ui-testing";
		};
/* End PBXNativeTarget section */

/* Begin PBXProject section */
		A44B0472228B025000E28AA6 /* Project object */ = {
			isa = PBXProject;
			attributes = {
				LastSwiftUpdateCheck = 1020;
				LastUpgradeCheck = 1020;
				ORGANIZATIONNAME = "Lexuan Zhou";
				TargetAttributes = {
					A44B0479228B025000E28AA6 = {
						CreatedOnToolsVersion = 10.2.1;
					};
					A44B048D228B025200E28AA6 = {
						CreatedOnToolsVersion = 10.2.1;
						TestTargetID = A44B0479228B025000E28AA6;
					};
					A44B0498228B025200E28AA6 = {
						CreatedOnToolsVersion = 10.2.1;
						TestTargetID = A44B0479228B025000E28AA6;
					};
				};
			};
			buildConfigurationList = A44B0475228B025000E28AA6 /* Build configuration list for PBXProject "Concentration" */;
			compatibilityVersion = "Xcode 9.3";
			developmentRegion = en;
			hasScannedForEncodings = 0;
			knownRegions = (
				en,
				Base,
			);
			mainGroup = A44B0471228B025000E28AA6;
			productRefGroup = A44B047B228B025000E28AA6 /* Products */;
			projectDirPath = "";
			projectRoot = "";
			targets = (
				A44B0479228B025000E28AA6 /* Concentration */,
				A44B048D228B025200E28AA6 /* ConcentrationTests */,
				A44B0498228B025200E28AA6 /* ConcentrationUITests */,
			);
		};
/* End PBXProject section */

/* Begin PBXResourcesBuildPhase section */
		A44B0478228B025000E28AA6 /* Resources */ = {
			isa = PBXResourcesBuildPhase;
			buildActionMask = 2147483647;
			files = (
				A44B0488228B025200E28AA6 /* LaunchScreen.storyboard in Resources */,
				A44B0485228B025200E28AA6 /* Assets.xcassets in Resources */,
				A44B0483228B025000E28AA6 /* Main.storyboard in Resources */,
			);
			runOnlyForDeploymentPostprocessing = 0;
		};
		A44B048C228B025200E28AA6 /* Resources */ = {
			isa = PBXResourcesBuildPhase;
			buildActionMask = 2147483647;
			files = (
			);
			runOnlyForDeploymentPostprocessing = 0;
		};
		A44B0497228B025200E28AA6 /* Resources */ = {
			isa = PBXResourcesBuildPhase;
			buildActionMask = 2147483647;
			files = (
			);
			runOnlyForDeploymentPostprocessing = 0;
		};
/* End PBXResourcesBuildPhase section */

/* Begin PBXSourcesBuildPhase section */
		A44B0476228B025000E28AA6 /* Sources */ = {
			isa = PBXSourcesBuildPhase;
			buildActionMask = 2147483647;
			files = (
				A44B0480228B025000E28AA6 /* ViewController.swift in Sources */,
				A44B047E228B025000E28AA6 /* AppDelegate.swift in Sources */,
				A44B04AC228B4CE000E28AA6 /* Concentration.swift in Sources */,
				A44B04AE228B4E1900E28AA6 /* Card.swift in Sources */,
			);
			runOnlyForDeploymentPostprocessing = 0;
		};
		A44B048A228B025200E28AA6 /* Sources */ = {
			isa = PBXSourcesBuildPhase;
			buildActionMask = 2147483647;
			files = (
				A44B0493228B025200E28AA6 /* ConcentrationTests.swift in Sources */,
			);
			runOnlyForDeploymentPostprocessing = 0;
		};
		A44B0495228B025200E28AA6 /* Sources */ = {
			isa = PBXSourcesBuildPhase;
			buildActionMask = 2147483647;
			files = (
				A44B049E228B025200E28AA6 /* ConcentrationUITests.swift in Sources */,
			);
			runOnlyForDeploymentPostprocessing = 0;
		};
/* End PBXSourcesBuildPhase section */

/* Begin PBXTargetDependency section */
		A44B0490228B025200E28AA6 /* PBXTargetDependency */ = {
			isa = PBXTargetDependency;
			target = A44B0479228B025000E28AA6 /* Concentration */;
			targetProxy = A44B048F228B025200E28AA6 /* PBXContainerItemProxy */;
		};
		A44B049B228B025200E28AA6 /* PBXTargetDependency */ = {
			isa = PBXTargetDependency;
			target = A44B0479228B025000E28AA6 /* Concentration */;
			targetProxy = A44B049A228B025200E28AA6 /* PBXContainerItemProxy */;
		};
/* End PBXTargetDependency section */

/* Begin PBXVariantGroup section */
		A44B0481228B025000E28AA6 /* Main.storyboard */ = {
			isa = PBXVariantGroup;
			children = (
				A44B0482228B025000E28AA6 /* Base */,
			);
			name = Main.storyboard;
			sourceTree = "<group>";
		};
		A44B0486228B025200E28AA6 /* LaunchScreen.storyboard */ = {
			isa = PBXVariantGroup;
			children = (
				A44B0487228B025200E28AA6 /* Base */,
			);
			name = LaunchScreen.storyboard;
			sourceTree = "<group>";
		};
/* End PBXVariantGroup section */

/* Begin XCBuildConfiguration section */
		A44B04A0228B025200E28AA6 /* Debug */ = {
			isa = XCBuildConfiguration;
			buildSettings = {
				ALWAYS_SEARCH_USER_PATHS = NO;
				CLANG_ANALYZER_NONNULL = YES;
				CLANG_ANALYZER_NUMBER_OBJECT_CONVERSION = YES_AGGRESSIVE;
				CLANG_CXX_LANGUAGE_STANDARD = "gnu++14";
				CLANG_CXX_LIBRARY = "libc++";
				CLANG_ENABLE_MODULES = YES;
				CLANG_ENABLE_OBJC_ARC = YES;
				CLANG_ENABLE_OBJC_WEAK = YES;
				CLANG_WARN_BLOCK_CAPTURE_AUTORELEASING = YES;
				CLANG_WARN_BOOL_CONVERSION = YES;
				CLANG_WARN_COMMA = YES;
				CLANG_WARN_CONSTANT_CONVERSION = YES;
				CLANG_WARN_DEPRECATED_OBJC_IMPLEMENTATIONS = YES;
				CLANG_WARN_DIRECT_OBJC_ISA_USAGE = YES_ERROR;
				CLANG_WARN_DOCUMENTATION_COMMENTS = YES;
				CLANG_WARN_EMPTY_BODY = YES;
				CLANG_WARN_ENUM_CONVERSION = YES;
				CLANG_WARN_INFINITE_RECURSION = YES;
				CLANG_WARN_INT_CONVERSION = YES;
				CLANG_WARN_NON_LITERAL_NULL_CONVERSION = YES;
				CLANG_WARN_OBJC_IMPLICIT_RETAIN_SELF = YES;
				CLANG_WARN_OBJC_LITERAL_CONVERSION = YES;
				CLANG_WARN_OBJC_ROOT_CLASS = YES_ERROR;
				CLANG_WARN_RANGE_LOOP_ANALYSIS = YES;
				CLANG_WARN_STRICT_PROTOTYPES = YES;
				CLANG_WARN_SUSPICIOUS_MOVE = YES;
				CLANG_WARN_UNGUARDED_AVAILABILITY = YES_AGGRESSIVE;
				CLANG_WARN_UNREACHABLE_CODE = YES;
				CLANG_WARN__DUPLICATE_METHOD_MATCH = YES;
				CODE_SIGN_IDENTITY = "iPhone Developer";
				COPY_PHASE_STRIP = NO;
				DEBUG_INFORMATION_FORMAT = dwarf;
				ENABLE_STRICT_OBJC_MSGSEND = YES;
				ENABLE_TESTABILITY = YES;
				GCC_C_LANGUAGE_STANDARD = gnu11;
				GCC_DYNAMIC_NO_PIC = NO;
				GCC_NO_COMMON_BLOCKS = YES;
				GCC_OPTIMIZATION_LEVEL = 0;
				GCC_PREPROCESSOR_DEFINITIONS = (
					"DEBUG=1",
					"$(inherited)",
				);
				GCC_WARN_64_TO_32_BIT_CONVERSION = YES;
				GCC_WARN_ABOUT_RETURN_TYPE = YES_ERROR;
				GCC_WARN_UNDECLARED_SELECTOR = YES;
				GCC_WARN_UNINITIALIZED_AUTOS = YES_AGGRESSIVE;
				GCC_WARN_UNUSED_FUNCTION = YES;
				GCC_WARN_UNUSED_VARIABLE = YES;
				IPHONEOS_DEPLOYMENT_TARGET = 12.2;
				MTL_ENABLE_DEBUG_INFO = INCLUDE_SOURCE;
				MTL_FAST_MATH = YES;
				ONLY_ACTIVE_ARCH = YES;
				SDKROOT = iphoneos;
				SWIFT_ACTIVE_COMPILATION_CONDITIONS = DEBUG;
				SWIFT_OPTIMIZATION_LEVEL = "-Onone";
			};
			name = Debug;
		};
		A44B04A1228B025200E28AA6 /* Release */ = {
			isa = XCBuildConfiguration;
			buildSettings = {
				ALWAYS_SEARCH_USER_PATHS = NO;
				CLANG_ANALYZER_NONNULL = YES;
				CLANG_ANALYZER_NUMBER_OBJECT_CONVERSION = YES_AGGRESSIVE;
				CLANG_CXX_LANGUAGE_STANDARD = "gnu++14";
				CLANG_CXX_LIBRARY = "libc++";
				CLANG_ENABLE_MODULES = YES;
				CLANG_ENABLE_OBJC_ARC = YES;
				CLANG_ENABLE_OBJC_WEAK = YES;
				CLANG_WARN_BLOCK_CAPTURE_AUTORELEASING = YES;
				CLANG_WARN_BOOL_CONVERSION = YES;
				CLANG_WARN_COMMA = YES;
				CLANG_WARN_CONSTANT_CONVERSION = YES;
				CLANG_WARN_DEPRECATED_OBJC_IMPLEMENTATIONS = YES;
				CLANG_WARN_DIRECT_OBJC_ISA_USAGE = YES_ERROR;
				CLANG_WARN_DOCUMENTATION_COMMENTS = YES;
				CLANG_WARN_EMPTY_BODY = YES;
				CLANG_WARN_ENUM_CONVERSION = YES;
				CLANG_WARN_INFINITE_RECURSION = YES;
				CLANG_WARN_INT_CONVERSION = YES;
				CLANG_WARN_NON_LITERAL_NULL_CONVERSION = YES;
				CLANG_WARN_OBJC_IMPLICIT_RETAIN_SELF = YES;
				CLANG_WARN_OBJC_LITERAL_CONVERSION = YES;
				CLANG_WARN_OBJC_ROOT_CLASS = YES_ERROR;
				CLANG_WARN_RANGE_LOOP_ANALYSIS = YES;
				CLANG_WARN_STRICT_PROTOTYPES = YES;
				CLANG_WARN_SUSPICIOUS_MOVE = YES;
				CLANG_WARN_UNGUARDED_AVAILABILITY = YES_AGGRESSIVE;
				CLANG_WARN_UNREACHABLE_CODE = YES;
				CLANG_WARN__DUPLICATE_METHOD_MATCH = YES;
				CODE_SIGN_IDENTITY = "iPhone Developer";
				COPY_PHASE_STRIP = NO;
				DEBUG_INFORMATION_FORMAT = "dwarf-with-dsym";
				ENABLE_NS_ASSERTIONS = NO;
				ENABLE_STRICT_OBJC_MSGSEND = YES;
				GCC_C_LANGUAGE_STANDARD = gnu11;
				GCC_NO_COMMON_BLOCKS = YES;
				GCC_WARN_64_TO_32_BIT_CONVERSION = YES;
				GCC_WARN_ABOUT_RETURN_TYPE = YES_ERROR;
				GCC_WARN_UNDECLARED_SELECTOR = YES;
				GCC_WARN_UNINITIALIZED_AUTOS = YES_AGGRESSIVE;
				GCC_WARN_UNUSED_FUNCTION = YES;
				GCC_WARN_UNUSED_VARIABLE = YES;
				IPHONEOS_DEPLOYMENT_TARGET = 12.2;
				MTL_ENABLE_DEBUG_INFO = NO;
				MTL_FAST_MATH = YES;
				SDKROOT = iphoneos;
				SWIFT_COMPILATION_MODE = wholemodule;
				SWIFT_OPTIMIZATION_LEVEL = "-O";
				VALIDATE_PRODUCT = YES;
			};
			name = Release;
		};
		A44B04A3228B025200E28AA6 /* Debug */ = {
			isa = XCBuildConfiguration;
			buildSettings = {
				ASSETCATALOG_COMPILER_APPICON_NAME = AppIcon;
				CODE_SIGN_STYLE = Automatic;
				DEVELOPMENT_TEAM = WU94YVETQU;
				INFOPLIST_FILE = Concentration/Info.plist;
				LD_RUNPATH_SEARCH_PATHS = (
					"$(inherited)",
					"@executable_path/Frameworks",
				);
				PRODUCT_BUNDLE_IDENTIFIER = LexuanZhou.Concentration;
				PRODUCT_NAME = "$(TARGET_NAME)";
				SWIFT_VERSION = 5.0;
				TARGETED_DEVICE_FAMILY = "1,2";
			};
			name = Debug;
		};
		A44B04A4228B025200E28AA6 /* Release */ = {
			isa = XCBuildConfiguration;
			buildSettings = {
				ASSETCATALOG_COMPILER_APPICON_NAME = AppIcon;
				CODE_SIGN_STYLE = Automatic;
				DEVELOPMENT_TEAM = WU94YVETQU;
				INFOPLIST_FILE = Concentration/Info.plist;
				LD_RUNPATH_SEARCH_PATHS = (
					"$(inherited)",
					"@executable_path/Frameworks",
				);
				PRODUCT_BUNDLE_IDENTIFIER = LexuanZhou.Concentration;
				PRODUCT_NAME = "$(TARGET_NAME)";
				SWIFT_VERSION = 5.0;
				TARGETED_DEVICE_FAMILY = "1,2";
			};
			name = Release;
		};
		A44B04A6228B025200E28AA6 /* Debug */ = {
			isa = XCBuildConfiguration;
			buildSettings = {
				ALWAYS_EMBED_SWIFT_STANDARD_LIBRARIES = YES;
				BUNDLE_LOADER = "$(TEST_HOST)";
				CODE_SIGN_STYLE = Automatic;
				DEVELOPMENT_TEAM = WU94YVETQU;
				INFOPLIST_FILE = ConcentrationTests/Info.plist;
				LD_RUNPATH_SEARCH_PATHS = (
					"$(inherited)",
					"@executable_path/Frameworks",
					"@loader_path/Frameworks",
				);
				PRODUCT_BUNDLE_IDENTIFIER = LexuanZhou.ConcentrationTests;
				PRODUCT_NAME = "$(TARGET_NAME)";
				SWIFT_VERSION = 5.0;
				TARGETED_DEVICE_FAMILY = "1,2";
				TEST_HOST = "$(BUILT_PRODUCTS_DIR)/Concentration.app/Concentration";
			};
			name = Debug;
		};
		A44B04A7228B025200E28AA6 /* Release */ = {
			isa = XCBuildConfiguration;
			buildSettings = {
				ALWAYS_EMBED_SWIFT_STANDARD_LIBRARIES = YES;
				BUNDLE_LOADER = "$(TEST_HOST)";
				CODE_SIGN_STYLE = Automatic;
				DEVELOPMENT_TEAM = WU94YVETQU;
				INFOPLIST_FILE = ConcentrationTests/Info.plist;
				LD_RUNPATH_SEARCH_PATHS = (
					"$(inherited)",
					"@executable_path/Frameworks",
					"@loader_path/Frameworks",
				);
				PRODUCT_BUNDLE_IDENTIFIER = LexuanZhou.ConcentrationTests;
				PRODUCT_NAME = "$(TARGET_NAME)";
				SWIFT_VERSION = 5.0;
				TARGETED_DEVICE_FAMILY = "1,2";
				TEST_HOST = "$(BUILT_PRODUCTS_DIR)/Concentration.app/Concentration";
			};
			name = Release;
		};
		A44B04A9228B025200E28AA6 /* Debug */ = {
			isa = XCBuildConfiguration;
			buildSettings = {
				ALWAYS_EMBED_SWIFT_STANDARD_LIBRARIES = YES;
				CODE_SIGN_STYLE = Automatic;
				DEVELOPMENT_TEAM = WU94YVETQU;
				INFOPLIST_FILE = ConcentrationUITests/Info.plist;
				LD_RUNPATH_SEARCH_PATHS = (
					"$(inherited)",
					"@executable_path/Frameworks",
					"@loader_path/Frameworks",
				);
				PRODUCT_BUNDLE_IDENTIFIER = LexuanZhou.ConcentrationUITests;
				PRODUCT_NAME = "$(TARGET_NAME)";
				SWIFT_VERSION = 5.0;
				TARGETED_DEVICE_FAMILY = "1,2";
				TEST_TARGET_NAME = Concentration;
			};
			name = Debug;
		};
		A44B04AA228B025200E28AA6 /* Release */ = {
			isa = XCBuildConfiguration;
			buildSettings = {
				ALWAYS_EMBED_SWIFT_STANDARD_LIBRARIES = YES;
				CODE_SIGN_STYLE = Automatic;
				DEVELOPMENT_TEAM = WU94YVETQU;
				INFOPLIST_FILE = ConcentrationUITests/Info.plist;
				LD_RUNPATH_SEARCH_PATHS = (
					"$(inherited)",
					"@executable_path/Frameworks",
					"@loader_path/Frameworks",
				);
				PRODUCT_BUNDLE_IDENTIFIER = LexuanZhou.ConcentrationUITests;
				PRODUCT_NAME = "$(TARGET_NAME)";
				SWIFT_VERSION = 5.0;
				TARGETED_DEVICE_FAMILY = "1,2";
				TEST_TARGET_NAME = Concentration;
			};
			name = Release;
		};
/* End XCBuildConfiguration section */

/* Begin XCConfigurationList section */
		A44B0475228B025000E28AA6 /* Build configuration list for PBXProject "Concentration" */ = {
			isa = XCConfigurationList;
			buildConfigurations = (
				A44B04A0228B025200E28AA6 /* Debug */,
				A44B04A1228B025200E28AA6 /* Release */,
			);
			defaultConfigurationIsVisible = 0;
			defaultConfigurationName = Release;
		};
		A44B04A2228B025200E28AA6 /* Build configuration list for PBXNativeTarget "Concentration" */ = {
			isa = XCConfigurationList;
			buildConfigurations = (
				A44B04A3228B025200E28AA6 /* Debug */,
				A44B04A4228B025200E28AA6 /* Release */,
			);
			defaultConfigurationIsVisible = 0;
			defaultConfigurationName = Release;
		};
		A44B04A5228B025200E28AA6 /* Build configuration list for PBXNativeTarget "ConcentrationTests" */ = {
			isa = XCConfigurationList;
			buildConfigurations = (
				A44B04A6228B025200E28AA6 /* Debug */,
				A44B04A7228B025200E28AA6 /* Release */,
			);
			defaultConfigurationIsVisible = 0;
			defaultConfigurationName = Release;
		};
		A44B04A8228B025200E28AA6 /* Build configuration list for PBXNativeTarget "ConcentrationUITests" */ = {
			isa = XCConfigurationList;
			buildConfigurations = (
				A44B04A9228B025200E28AA6 /* Debug */,
				A44B04AA228B025200E28AA6 /* Release */,
			);
			defaultConfigurationIsVisible = 0;
			defaultConfigurationName = Release;
		};
/* End XCConfigurationList section */
	};
	rootObject = A44B0472228B025000E28AA6 /* Project object */;
}
